
Microsoft Visual Studio Solution File, Format Version 12.00
# Visual Studio Version 17
VisualStudioVersion = 17.8.34322.80
MinimumVisualStudioVersion = 10.0.40219.1
Project("{FAE04EC0-301F-11D3-BF4B-00C04F79EFBC}") = "SqlCore", "SqlCore.csproj", "{92CF431A-ACE3-4EE6-85AB-0782174540FE}"
EndProject
Global
	GlobalSection(SolutionConfigurationPlatforms) = preSolution
		Debug|Any CPU = Debug|Any CPU
		Release|Any CPU = Release|Any CPU
	EndGlobalSection
	GlobalSection(ProjectConfigurationPlatforms) = postSolution
		{92CF431A-ACE3-4EE6-85AB-0782174540FE}.Debug|Any CPU.ActiveCfg = Debug|Any CPU
		{92CF431A-ACE3-4EE6-85AB-0782174540FE}.Debug|Any CPU.Build.0 = Debug|Any CPU
		{92CF431A-ACE3-4EE6-85AB-0782174540FE}.Release|Any CPU.ActiveCfg = Release|Any CPU
		{92CF431A-ACE3-4EE6-85AB-0782174540FE}.Release|Any CPU.Build.0 = Release|Any CPU
	EndGlobalSection
	GlobalSection(SolutionProperties) = preSolution
		HideSolutionNode = FALSE
	EndGlobalSection
	GlobalSection(ExtensibilityGlobals) = postSolution
		SolutionGuid = {8F8CD065-2FF2-4DBE-833B-10E928F5CDB5}
	EndGlobalSection
EndGlobal
